
Microsoft Visual Studio Solution File, Format Version 12.00
# Visual Studio Version 16
VisualStudioVersion = 16.0.30011.22
MinimumVisualStudioVersion = 10.0.40219.1
Project("{FAE04EC0-301F-11D3-BF4B-00C04F79EFBC}") = "HttpResource", "HttpResource\HttpResource.csproj", "{FC19595A-7A26-4CAC-8C88-6FD270478C49}"
EndProject
Global
	GlobalSection(SolutionConfigurationPlatforms) = preSolution
		Debug|Any CPU = Debug|Any CPU
		Release|Any CPU = Release|Any CPU
	EndGlobalSection
	GlobalSection(ProjectConfigurationPlatforms) = postSolution
		{FC19595A-7A26-4CAC-8C88-6FD270478C49}.Debug|Any CPU.ActiveCfg = Debug|Any CPU
		{FC19595A-7A26-4CAC-8C88-6FD270478C49}.Debug|Any CPU.Build.0 = Debug|Any CPU
		{FC19595A-7A26-4CAC-8C88-6FD270478C49}.Release|Any CPU.ActiveCfg = Release|Any CPU
		{FC19595A-7A26-4CAC-8C88-6FD270478C49}.Release|Any CPU.Build.0 = Release|Any CPU
	EndGlobalSection
	GlobalSection(SolutionProperties) = preSolution
		HideSolutionNode = FALSE
	EndGlobalSection
	GlobalSection(ExtensibilityGlobals) = postSolution
		SolutionGuid = {D2F33A58-AA9D-4DD4-88C4-F9377BE6BAC6}
	EndGlobalSection
EndGlobal
